
Microsoft Visual Studio Solution File, Format Version 12.00
# Visual Studio 15
VisualStudioVersion = 15.0.27428.2037
MinimumVisualStudioVersion = 10.0.40219.1
Project("{F184B08F-C81C-45F6-A57F-5ABD9991F28F}") = "Minimarket4Square", "MinimarketSahabatTPSIA\Minimarket4Square.vbproj", "{8943A329-A901-4798-A396-14952D4B808B}"
EndProject
Global
	GlobalSection(SolutionConfigurationPlatforms) = preSolution
		Debug|Any CPU = Debug|Any CPU
		Release|Any CPU = Release|Any CPU
	EndGlobalSection
	GlobalSection(ProjectConfigurationPlatforms) = postSolution
		{8943A329-A901-4798-A396-14952D4B808B}.Debug|Any CPU.ActiveCfg = Debug|Any CPU
		{8943A329-A901-4798-A396-14952D4B808B}.Debug|Any CPU.Build.0 = Debug|Any CPU
		{8943A329-A901-4798-A396-14952D4B808B}.Release|Any CPU.ActiveCfg = Release|Any CPU
		{8943A329-A901-4798-A396-14952D4B808B}.Release|Any CPU.Build.0 = Release|Any CPU
	EndGlobalSection
	GlobalSection(SolutionProperties) = preSolution
		HideSolutionNode = FALSE
	EndGlobalSection
	GlobalSection(ExtensibilityGlobals) = postSolution
		SolutionGuid = {B7681BC5-30DA-4564-BF24-1018A8C3F4D9}
	EndGlobalSection
EndGlobal
